
Microsoft Visual Studio Solution File, Format Version 12.00
# Visual Studio Version 17
VisualStudioVersion = 17.5.002.0
MinimumVisualStudioVersion = 10.0.40219.1
Project("{9A19103F-16F7-4668-BE54-9A1E7A4F7556}") = "QuizApp", "QuizApp.csproj", "{A6C95C74-B269-459A-A319-D37945B178BF}"
EndProject
Global
	GlobalSection(SolutionConfigurationPlatforms) = preSolution
		Debug|Any CPU = Debug|Any CPU
		Release|Any CPU = Release|Any CPU
	EndGlobalSection
	GlobalSection(ProjectConfigurationPlatforms) = postSolution
		{A6C95C74-B269-459A-A319-D37945B178BF}.Debug|Any CPU.ActiveCfg = Debug|Any CPU
		{A6C95C74-B269-459A-A319-D37945B178BF}.Debug|Any CPU.Build.0 = Debug|Any CPU
		{A6C95C74-B269-459A-A319-D37945B178BF}.Release|Any CPU.ActiveCfg = Release|Any CPU
		{A6C95C74-B269-459A-A319-D37945B178BF}.Release|Any CPU.Build.0 = Release|Any CPU
	EndGlobalSection
	GlobalSection(SolutionProperties) = preSolution
		HideSolutionNode = FALSE
	EndGlobalSection
	GlobalSection(ExtensibilityGlobals) = postSolution
		SolutionGuid = {F92B3808-F3F1-4247-A6DF-A906911E7F5F}
	EndGlobalSection
EndGlobal
